
Microsoft Visual Studio Solution File, Format Version 12.00
# Visual Studio 2012
Project("{FAE04EC0-301F-11D3-BF4B-00C04F79EFBC}") = "BaneOfTheLiving", "BaneOfTheLiving\BaneOfTheLiving.csproj", "{072F9FFD-A342-49DE-90A7-B32AF2B64C63}"
EndProject
Global
	GlobalSection(SolutionConfigurationPlatforms) = preSolution
		Debug|x86 = Debug|x86
		Release|x86 = Release|x86
	EndGlobalSection
	GlobalSection(ProjectConfigurationPlatforms) = postSolution
		{072F9FFD-A342-49DE-90A7-B32AF2B64C63}.Debug|x86.ActiveCfg = Debug|x86
		{072F9FFD-A342-49DE-90A7-B32AF2B64C63}.Debug|x86.Build.0 = Debug|x86
		{072F9FFD-A342-49DE-90A7-B32AF2B64C63}.Release|x86.ActiveCfg = Release|x86
		{072F9FFD-A342-49DE-90A7-B32AF2B64C63}.Release|x86.Build.0 = Release|x86
	EndGlobalSection
	GlobalSection(MonoDevelopProperties) = preSolution
		StartupItem = BaneOfTheLiving\BaneOfTheLiving.csproj
	EndGlobalSection
EndGlobal
